
Microsoft Visual Studio Solution File, Format Version 12.00
# Visual Studio Version 17
VisualStudioVersion = 17.1.32328.378
MinimumVisualStudioVersion = 10.0.40219.1
Project("{FAE04EC0-301F-11D3-BF4B-00C04F79EFBC}") = "FactoryPattern", "FactoryPattern\FactoryPattern.csproj", "{7BAEB9C8-F4E9-40F9-ACD0-134A8BBD84EF}"
EndProject
Global
	GlobalSection(SolutionConfigurationPlatforms) = preSolution
		Debug|Any CPU = Debug|Any CPU
		Release|Any CPU = Release|Any CPU
	EndGlobalSection
	GlobalSection(ProjectConfigurationPlatforms) = postSolution
		{7BAEB9C8-F4E9-40F9-ACD0-134A8BBD84EF}.Debug|Any CPU.ActiveCfg = Debug|Any CPU
		{7BAEB9C8-F4E9-40F9-ACD0-134A8BBD84EF}.Debug|Any CPU.Build.0 = Debug|Any CPU
		{7BAEB9C8-F4E9-40F9-ACD0-134A8BBD84EF}.Release|Any CPU.ActiveCfg = Release|Any CPU
		{7BAEB9C8-F4E9-40F9-ACD0-134A8BBD84EF}.Release|Any CPU.Build.0 = Release|Any CPU
	EndGlobalSection
	GlobalSection(SolutionProperties) = preSolution
		HideSolutionNode = FALSE
	EndGlobalSection
	GlobalSection(ExtensibilityGlobals) = postSolution
		SolutionGuid = {4E6EB154-B178-405A-BA5B-5CFDC94AE8A9}
	EndGlobalSection
EndGlobal
